
Microsoft Visual Studio Solution File, Format Version 12.00
# Visual Studio 15
VisualStudioVersion = 15.0.28307.902
MinimumVisualStudioVersion = 10.0.40219.1
Project("{FAE04EC0-301F-11D3-BF4B-00C04F79EFBC}") = "BigSecretProject", "BigSecretProject\BigSecretProject.csproj", "{2F83E4D9-A8D3-4F40-9D03-1F7D8E12395C}"
EndProject
Global
	GlobalSection(SolutionConfigurationPlatforms) = preSolution
		Debug|Any CPU = Debug|Any CPU
		Release|Any CPU = Release|Any CPU
	EndGlobalSection
	GlobalSection(ProjectConfigurationPlatforms) = postSolution
		{2F83E4D9-A8D3-4F40-9D03-1F7D8E12395C}.Debug|Any CPU.ActiveCfg = Debug|Any CPU
		{2F83E4D9-A8D3-4F40-9D03-1F7D8E12395C}.Debug|Any CPU.Build.0 = Debug|Any CPU
		{2F83E4D9-A8D3-4F40-9D03-1F7D8E12395C}.Release|Any CPU.ActiveCfg = Release|Any CPU
		{2F83E4D9-A8D3-4F40-9D03-1F7D8E12395C}.Release|Any CPU.Build.0 = Release|Any CPU
	EndGlobalSection
	GlobalSection(SolutionProperties) = preSolution
		HideSolutionNode = FALSE
	EndGlobalSection
	GlobalSection(ExtensibilityGlobals) = postSolution
		SolutionGuid = {2E83A017-588C-4216-BCAE-1FB2EB9A3D53}
	EndGlobalSection
EndGlobal
